Microsoft Visual Studio Solution File, Format Version 12.00
# Visual Studio Version 17
VisualStudioVersion = 17.13.35818.85
MinimumVisualStudioVersion = 10.0.40219.1
Project("{9A19103F-16F7-4668-BE54-9A1E7A4F7556}") = "BusinessLogic", "BusinessLogic\BusinessLogic.csproj", "{1902A236-E0E4-4D38-8D46-69642655DD03}"
EndProject
Project("{9A19103F-16F7-4668-BE54-9A1E7A4F7556}") = "DataAccess", "DataAccess\DataAccess.csproj", "{EBEFA478-0E0B-4D9E-A290-0234BF817801}"
	ProjectSection(ProjectDependencies) = postProject
		{FE856C54-0733-4E6B-BE6A-32025653F898} = {FE856C54-0733-4E6B-BE6A-32025653F898}
	EndProjectSection
EndProject
Project("{9A19103F-16F7-4668-BE54-9A1E7A4F7556}") = "UnitTesting", "UnitTesting\UnitTesting.csproj", "{74A8C6C5-0D2C-4D9B-9FCB-845EB6D75047}"
EndProject
Project("{9A19103F-16F7-4668-BE54-9A1E7A4F7556}") = "AppLogic", "AppLogic\AppLogic.csproj", "{22C4CFA1-868C-4FAF-BD7E-1D2AD3A65D9C}"
EndProject
Project("{2150E333-8FDC-42A3-9474-1A3956D46DE8}") = "00-Project ORT Reference", "00-Project ORT Reference", "{934DF422-806C-4D1A-9929-15B5812C18B5}"
EndProject
Project("{9A19103F-16F7-4668-BE54-9A1E7A4F7556}") = "ConnectionContext", "..\Core\DbConnectionContext\ConnectionContext.csproj", "{FE856C54-0733-4E6B-BE6A-32025653F898}"
EndProject
Project("{2150E333-8FDC-42A3-9474-1A3956D46DE8}") = "00-Modules", "00-Modules", "{02EA681E-C7D8-13C7-8484-4AC65E1B71E8}"
EndProject
Project("{2150E333-8FDC-42A3-9474-1A3956D46DE8}") = "ModBandeja", "ModBandeja", "{0E5B2709-AEEA-4344-86E0-573BE8AB04BC}"
EndProject
Project("{9A19103F-16F7-4668-BE54-9A1E7A4F7556}") = "ModBandejaAppLogic", "..\Core\Modules\ModBandeja\ModAppLogic\ModBandejaAppLogic.csproj", "{D9B70636-19D9-0976-1265-CEB17154B0AC}"
EndProject
Project("{9A19103F-16F7-4668-BE54-9A1E7A4F7556}") = "ModBandejaBusinessLogic", "..\Core\Modules\ModBandeja\ModBusinessLogic\ModBandejaBusinessLogic.csproj", "{AA886223-3321-787E-F6A5-98836B3BEAD5}"
EndProject
Project("{2150E333-8FDC-42A3-9474-1A3956D46DE8}") = "01-BusinessLogic", "01-BusinessLogic", "{457CC5B6-F770-403F-81B8-815BB0C7D3D7}"
EndProject
Project("{2150E333-8FDC-42A3-9474-1A3956D46DE8}") = "02-DataAccess", "02-DataAccess", "{705FD673-8F79-4294-B795-CB05E3A2FF95}"
EndProject
Project("{2150E333-8FDC-42A3-9474-1A3956D46DE8}") = "03-AppLogic", "03-AppLogic", "{2C8E1CB8-E1BD-4903-AED1-FAD61ED13CA5}"
EndProject
Project("{2150E333-8FDC-42A3-9474-1A3956D46DE8}") = "04-WebApiTemplate", "04-WebApiTemplate", "{43AAACF7-4C2F-42C5-8CD3-10D7D3DEEB41}"
EndProject
Project("{2150E333-8FDC-42A3-9474-1A3956D46DE8}") = "05-UnitTesting", "05-UnitTesting", "{06511854-9988-40C1-AE83-E8451300F01C}"
EndProject
Project("{9A19103F-16F7-4668-BE54-9A1E7A4F7556}") = "ModBandejaDataAccess", "..\Core\Modules\ModBandeja\ModDataAccess\ModBandejaDataAccess.csproj", "{A40C7E35-964C-E353-C753-F1F6267852C6}"
EndProject
Project("{9A19103F-16F7-4668-BE54-9A1E7A4F7556}") = "MailORT", "..\Core\MailORT\MailORT.csproj", "{415C193C-91D4-5BAD-61D5-A58044191184}"
EndProject
Project("{2150E333-8FDC-42A3-9474-1A3956D46DE8}") = "ModGenericBase", "ModGenericBase", "{D00A4B61-D0B1-43E9-9B51-A61B6F90DA93}"
EndProject
Project("{9A19103F-16F7-4668-BE54-9A1E7A4F7556}") = "ModGenericBaseAppLogic", "..\Core\Modules\ModGenericBase\ModAppLogic\ModGenericBaseAppLogic.csproj", "{CED9F74B-3380-A99B-95DA-3EF3A56079ED}"
EndProject
Project("{9A19103F-16F7-4668-BE54-9A1E7A4F7556}") = "ModGenericBaseBusinessLogic", "..\Core\Modules\ModGenericBase\ModBusinessLogic\ModGenericBaseBusinessLogic.csproj", "{CD0A16F3-E639-1A28-CFCE-C43DB02DA620}"
EndProject
Project("{9A19103F-16F7-4668-BE54-9A1E7A4F7556}") = "ModGenericBaseDataAccess", "..\Core\Modules\ModGenericBase\ModDataAccess\ModGenericBaseDataAccess.csproj", "{38781751-42BD-DBA1-5CA2-41C8275164AC}"
EndProject
Project("{9A19103F-16F7-4668-BE54-9A1E7A4F7556}") = "Utilities", "..\Core\Utilities\Utilities.csproj", "{E29E7546-C5F8-EB44-97C7-A4976384DAAB}"
EndProject
Project("{9A19103F-16F7-4668-BE54-9A1E7A4F7556}") = "WebApiTemplate", "WebApiTemplate\WebApiTemplate.csproj", "{64DA78D5-47A1-4E49-9446-31F001E62F28}"
EndProject
Global
	GlobalSection(SolutionConfigurationPlatforms) = preSolution
		Debug|Any CPU = Debug|Any CPU
		Release|Any CPU = Release|Any CPU
	EndGlobalSection
	GlobalSection(ProjectConfigurationPlatforms) = postSolution
		{1902A236-E0E4-4D38-8D46-69642655DD03}.Debug|Any CPU.ActiveCfg = Debug|Any CPU
		{1902A236-E0E4-4D38-8D46-69642655DD03}.Debug|Any CPU.Build.0 = Debug|Any CPU
		{1902A236-E0E4-4D38-8D46-69642655DD03}.Release|Any CPU.ActiveCfg = Release|Any CPU
		{1902A236-E0E4-4D38-8D46-69642655DD03}.Release|Any CPU.Build.0 = Release|Any CPU
		{EBEFA478-0E0B-4D9E-A290-0234BF817801}.Debug|Any CPU.ActiveCfg = Debug|Any CPU
		{EBEFA478-0E0B-4D9E-A290-0234BF817801}.Debug|Any CPU.Build.0 = Debug|Any CPU
		{EBEFA478-0E0B-4D9E-A290-0234BF817801}.Release|Any CPU.ActiveCfg = Release|Any CPU
		{EBEFA478-0E0B-4D9E-A290-0234BF817801}.Release|Any CPU.Build.0 = Release|Any CPU
		{74A8C6C5-0D2C-4D9B-9FCB-845EB6D75047}.Debug|Any CPU.ActiveCfg = Debug|Any CPU
		{74A8C6C5-0D2C-4D9B-9FCB-845EB6D75047}.Debug|Any CPU.Build.0 = Debug|Any CPU
		{74A8C6C5-0D2C-4D9B-9FCB-845EB6D75047}.Release|Any CPU.ActiveCfg = Release|Any CPU
		{74A8C6C5-0D2C-4D9B-9FCB-845EB6D75047}.Release|Any CPU.Build.0 = Release|Any CPU
		{22C4CFA1-868C-4FAF-BD7E-1D2AD3A65D9C}.Debug|Any CPU.ActiveCfg = Debug|Any CPU
		{22C4CFA1-868C-4FAF-BD7E-1D2AD3A65D9C}.Debug|Any CPU.Build.0 = Debug|Any CPU
		{22C4CFA1-868C-4FAF-BD7E-1D2AD3A65D9C}.Release|Any CPU.ActiveCfg = Release|Any CPU
		{22C4CFA1-868C-4FAF-BD7E-1D2AD3A65D9C}.Release|Any CPU.Build.0 = Release|Any CPU
		{FE856C54-0733-4E6B-BE6A-32025653F898}.Debug|Any CPU.ActiveCfg = Debug|Any CPU
		{FE856C54-0733-4E6B-BE6A-32025653F898}.Debug|Any CPU.Build.0 = Debug|Any CPU
		{FE856C54-0733-4E6B-BE6A-32025653F898}.Release|Any CPU.ActiveCfg = Release|Any CPU
		{FE856C54-0733-4E6B-BE6A-32025653F898}.Release|Any CPU.Build.0 = Release|Any CPU
		{D9B70636-19D9-0976-1265-CEB17154B0AC}.Debug|Any CPU.ActiveCfg = Debug|Any CPU
		{D9B70636-19D9-0976-1265-CEB17154B0AC}.Debug|Any CPU.Build.0 = Debug|Any CPU
		{D9B70636-19D9-0976-1265-CEB17154B0AC}.Release|Any CPU.ActiveCfg = Release|Any CPU
		{D9B70636-19D9-0976-1265-CEB17154B0AC}.Release|Any CPU.Build.0 = Release|Any CPU
		{AA886223-3321-787E-F6A5-98836B3BEAD5}.Debug|Any CPU.ActiveCfg = Debug|Any CPU
		{AA886223-3321-787E-F6A5-98836B3BEAD5}.Debug|Any CPU.Build.0 = Debug|Any CPU
		{AA886223-3321-787E-F6A5-98836B3BEAD5}.Release|Any CPU.ActiveCfg = Release|Any CPU
		{AA886223-3321-787E-F6A5-98836B3BEAD5}.Release|Any CPU.Build.0 = Release|Any CPU
		{A40C7E35-964C-E353-C753-F1F6267852C6}.Debug|Any CPU.ActiveCfg = Debug|Any CPU
		{A40C7E35-964C-E353-C753-F1F6267852C6}.Debug|Any CPU.Build.0 = Debug|Any CPU
		{A40C7E35-964C-E353-C753-F1F6267852C6}.Release|Any CPU.ActiveCfg = Release|Any CPU
		{A40C7E35-964C-E353-C753-F1F6267852C6}.Release|Any CPU.Build.0 = Release|Any CPU
		{415C193C-91D4-5BAD-61D5-A58044191184}.Debug|Any CPU.ActiveCfg = Debug|Any CPU
		{415C193C-91D4-5BAD-61D5-A58044191184}.Debug|Any CPU.Build.0 = Debug|Any CPU
		{415C193C-91D4-5BAD-61D5-A58044191184}.Release|Any CPU.ActiveCfg = Release|Any CPU
		{415C193C-91D4-5BAD-61D5-A58044191184}.Release|Any CPU.Build.0 = Release|Any CPU
		{CED9F74B-3380-A99B-95DA-3EF3A56079ED}.Debug|Any CPU.ActiveCfg = Debug|Any CPU
		{CED9F74B-3380-A99B-95DA-3EF3A56079ED}.Debug|Any CPU.Build.0 = Debug|Any CPU
		{CED9F74B-3380-A99B-95DA-3EF3A56079ED}.Release|Any CPU.ActiveCfg = Release|Any CPU
		{CED9F74B-3380-A99B-95DA-3EF3A56079ED}.Release|Any CPU.Build.0 = Release|Any CPU
		{CD0A16F3-E639-1A28-CFCE-C43DB02DA620}.Debug|Any CPU.ActiveCfg = Debug|Any CPU
		{CD0A16F3-E639-1A28-CFCE-C43DB02DA620}.Debug|Any CPU.Build.0 = Debug|Any CPU
		{CD0A16F3-E639-1A28-CFCE-C43DB02DA620}.Release|Any CPU.ActiveCfg = Release|Any CPU
		{CD0A16F3-E639-1A28-CFCE-C43DB02DA620}.Release|Any CPU.Build.0 = Release|Any CPU
		{38781751-42BD-DBA1-5CA2-41C8275164AC}.Debug|Any CPU.ActiveCfg = Debug|Any CPU
		{38781751-42BD-DBA1-5CA2-41C8275164AC}.Debug|Any CPU.Build.0 = Debug|Any CPU
		{38781751-42BD-DBA1-5CA2-41C8275164AC}.Release|Any CPU.ActiveCfg = Release|Any CPU
		{38781751-42BD-DBA1-5CA2-41C8275164AC}.Release|Any CPU.Build.0 = Release|Any CPU
		{E29E7546-C5F8-EB44-97C7-A4976384DAAB}.Debug|Any CPU.ActiveCfg = Debug|Any CPU
		{E29E7546-C5F8-EB44-97C7-A4976384DAAB}.Debug|Any CPU.Build.0 = Debug|Any CPU
		{E29E7546-C5F8-EB44-97C7-A4976384DAAB}.Release|Any CPU.ActiveCfg = Release|Any CPU
		{E29E7546-C5F8-EB44-97C7-A4976384DAAB}.Release|Any CPU.Build.0 = Release|Any CPU
		{64DA78D5-47A1-4E49-9446-31F001E62F28}.Debug|Any CPU.ActiveCfg = Debug|Any CPU
		{64DA78D5-47A1-4E49-9446-31F001E62F28}.Debug|Any CPU.Build.0 = Debug|Any CPU
		{64DA78D5-47A1-4E49-9446-31F001E62F28}.Release|Any CPU.ActiveCfg = Release|Any CPU
		{64DA78D5-47A1-4E49-9446-31F001E62F28}.Release|Any CPU.Build.0 = Release|Any CPU
	EndGlobalSection
	GlobalSection(SolutionProperties) = preSolution
		HideSolutionNode = FALSE
	EndGlobalSection
	GlobalSection(NestedProjects) = preSolution
		{1902A236-E0E4-4D38-8D46-69642655DD03} = {457CC5B6-F770-403F-81B8-815BB0C7D3D7}
		{EBEFA478-0E0B-4D9E-A290-0234BF817801} = {705FD673-8F79-4294-B795-CB05E3A2FF95}
		{74A8C6C5-0D2C-4D9B-9FCB-845EB6D75047} = {06511854-9988-40C1-AE83-E8451300F01C}
		{22C4CFA1-868C-4FAF-BD7E-1D2AD3A65D9C} = {2C8E1CB8-E1BD-4903-AED1-FAD61ED13CA5}
		{FE856C54-0733-4E6B-BE6A-32025653F898} = {934DF422-806C-4D1A-9929-15B5812C18B5}
		{0E5B2709-AEEA-4344-86E0-573BE8AB04BC} = {02EA681E-C7D8-13C7-8484-4AC65E1B71E8}
		{D9B70636-19D9-0976-1265-CEB17154B0AC} = {0E5B2709-AEEA-4344-86E0-573BE8AB04BC}
		{AA886223-3321-787E-F6A5-98836B3BEAD5} = {0E5B2709-AEEA-4344-86E0-573BE8AB04BC}
		{A40C7E35-964C-E353-C753-F1F6267852C6} = {0E5B2709-AEEA-4344-86E0-573BE8AB04BC}
		{415C193C-91D4-5BAD-61D5-A58044191184} = {934DF422-806C-4D1A-9929-15B5812C18B5}
		{D00A4B61-D0B1-43E9-9B51-A61B6F90DA93} = {02EA681E-C7D8-13C7-8484-4AC65E1B71E8}
		{CED9F74B-3380-A99B-95DA-3EF3A56079ED} = {D00A4B61-D0B1-43E9-9B51-A61B6F90DA93}
		{CD0A16F3-E639-1A28-CFCE-C43DB02DA620} = {D00A4B61-D0B1-43E9-9B51-A61B6F90DA93}
		{38781751-42BD-DBA1-5CA2-41C8275164AC} = {D00A4B61-D0B1-43E9-9B51-A61B6F90DA93}
		{E29E7546-C5F8-EB44-97C7-A4976384DAAB} = {934DF422-806C-4D1A-9929-15B5812C18B5}
		{64DA78D5-47A1-4E49-9446-31F001E62F28} = {43AAACF7-4C2F-42C5-8CD3-10D7D3DEEB41}
	EndGlobalSection
	GlobalSection(ExtensibilityGlobals) = postSolution
		SolutionGuid = {389AB853-5490-4A0D-8BD3-A6AAD4FDFFFC}
	EndGlobalSection
EndGlobal
